// !$*UTF8*$!
{
	archiveVersion = 1;
	classes = {
	};
	objectVersion = 56;
	objects = {

/* Begin PBXBuildFile section */
		234D3CD92AD78E7F000F4699 /* AppDelegate.swift in Sources */ = {isa = PBXBuildFile; fileRef = 234D3CD82AD78E7F000F4699 /* AppDelegate.swift */; };
		234D3CDB2AD78E7F000F4699 /* SceneDelegate.swift in Sources */ = {isa = PBXBuildFile; fileRef = 234D3CDA2AD78E7F000F4699 /* SceneDelegate.swift */; };
		234D3CDD2AD78E7F000F4699 /* ViewController.swift in Sources */ = {isa = PBXBuildFile; fileRef = 234D3CDC2AD78E7F000F4699 /* ViewController.swift */; };
		234D3CE02AD78E7F000F4699 /* Main.storyboard in Resources */ = {isa = PBXBuildFile; fileRef = 234D3CDE2AD78E7F000F4699 /* Main.storyboard */; };
		234D3CE22AD78E80000F4699 /* Assets.xcassets in Resources */ = {isa = PBXBuildFile; fileRef = 234D3CE12AD78E80000F4699 /* Assets.xcassets */; };
		234D3CE52AD78E80000F4699 /* LaunchScreen.storyboard in Resources */ = {isa = PBXBuildFile; fileRef = 234D3CE32AD78E80000F4699 /* LaunchScreen.storyboard */; };
		234D3CF02AD78E80000F4699 /* Project_TwoTests.swift in Sources */ = {isa = PBXBuildFile; fileRef = 234D3CEF2AD78E80000F4699 /* Project_TwoTests.swift */; };
		234D3CFA2AD78E81000F4699 /* Project_TwoUITests.swift in Sources */ = {isa = PBXBuildFile; fileRef = 234D3CF92AD78E81000F4699 /* Project_TwoUITests.swift */; };
		234D3CFC2AD78E81000F4699 /* Project_TwoUITestsLaunchTests.swift in Sources */ = {isa = PBXBuildFile; fileRef = 234D3CFB2AD78E81000F4699 /* Project_TwoUITestsLaunchTests.swift */; };
		234D3D092AD78F7A000F4699 /* secondViewController.swift in Sources */ = {isa = PBXBuildFile; fileRef = 234D3D082AD78F7A000F4699 /* secondViewController.swift */; };
		234D3D0B2AD78F93000F4699 /* thirdViewController.swift in Sources */ = {isa = PBXBuildFile; fileRef = 234D3D0A2AD78F93000F4699 /* thirdViewController.swift */; };
/* End PBXBuildFile section */

/* Begin PBXContainerItemProxy section */
		234D3CEC2AD78E80000F4699 /* PBXContainerItemProxy */ = {
			isa = PBXContainerItemProxy;
			containerPortal = 234D3CCD2AD78E7F000F4699 /* Project object */;
			proxyType = 1;
			remoteGlobalIDString = 234D3CD42AD78E7F000F4699;
			remoteInfo = "Project Two";
		};
		234D3CF62AD78E81000F4699 /* PBXContainerItemProxy */ = {
			isa = PBXContainerItemProxy;
			containerPortal = 234D3CCD2AD78E7F000F4699 /* Project object */;
			proxyType = 1;
			remoteGlobalIDString = 234D3CD42AD78E7F000F4699;
			remoteInfo = "Project Two";
		};
/* End PBXContainerItemProxy section */

/* Begin PBXFileReference section */
		234D3CD52AD78E7F000F4699 /* Project Two.app */ = {isa = PBXFileReference; explicitFileType = wrapper.application; includeInIndex = 0; path = "Project Two.app"; sourceTree = BUILT_PRODUCTS_DIR; };
		234D3CD82AD78E7F000F4699 /* AppDelegate.swift */ = {isa = PBXFileReference; lastKnownFileType = sourcecode.swift; path = AppDelegate.swift; sourceTree = "<group>"; };
		234D3CDA2AD78E7F000F4699 /* SceneDelegate.swift */ = {isa = PBXFileReference; lastKnownFileType = sourcecode.swift; path = SceneDelegate.swift; sourceTree = "<group>"; };
		234D3CDC2AD78E7F000F4699 /* ViewController.swift */ = {isa = PBXFileReference; lastKnownFileType = sourcecode.swift; path = ViewController.swift; sourceTree = "<group>"; };
		234D3CDF2AD78E7F000F4699 /* Base */ = {isa = PBXFileReference; lastKnownFileType = file.storyboard; name = Base; path = Base.lproj/Main.storyboard; sourceTree = "<group>"; };
		234D3CE12AD78E80000F4699 /* Assets.xcassets */ = {isa = PBXFileReference; lastKnownFileType = folder.assetcatalog; path = Assets.xcassets; sourceTree = "<group>"; };
		234D3CE42AD78E80000F4699 /* Base */ = {isa = PBXFileReference; lastKnownFileType = file.storyboard; name = Base; path = Base.lproj/LaunchScreen.storyboard; sourceTree = "<group>"; };
		234D3CE62AD78E80000F4699 /* Info.plist */ = {isa = PBXFileReference; lastKnownFileType = text.plist.xml; path = Info.plist; sourceTree = "<group>"; };
		234D3CEB2AD78E80000F4699 /* Project TwoTests.xctest */ = {isa = PBXFileReference; explicitFileType = wrapper.cfbundle; includeInIndex = 0; path = "Project TwoTests.xctest"; sourceTree = BUILT_PRODUCTS_DIR; };
		234D3CEF2AD78E80000F4699 /* Project_TwoTests.swift */ = {isa = PBXFileReference; lastKnownFileType = sourcecode.swift; path = Project_TwoTests.swift; sourceTree = "<group>"; };
		234D3CF52AD78E81000F4699 /* Project TwoUITests.xctest */ = {isa = PBXFileReference; explicitFileType = wrapper.cfbundle; includeInIndex = 0; path = "Project TwoUITests.xctest"; sourceTree = BUILT_PRODUCTS_DIR; };
		234D3CF92AD78E81000F4699 /* Project_TwoUITests.swift */ = {isa = PBXFileReference; lastKnownFileType = sourcecode.swift; path = Project_TwoUITests.swift; sourceTree = "<group>"; };
		234D3CFB2AD78E81000F4699 /* Project_TwoUITestsLaunchTests.swift */ = {isa = PBXFileReference; lastKnownFileType = sourcecode.swift; path = Project_TwoUITestsLaunchTests.swift; sourceTree = "<group>"; };
		234D3D082AD78F7A000F4699 /* secondViewController.swift */ = {isa = PBXFileReference; lastKnownFileType = sourcecode.swift; path = secondViewController.swift; sourceTree = "<group>"; };
		234D3D0A2AD78F93000F4699 /* thirdViewController.swift */ = {isa = PBXFileReference; lastKnownFileType = sourcecode.swift; path = thirdViewController.swift; sourceTree = "<group>"; };
/* End PBXFileReference section */

/* Begin PBXFrameworksBuildPhase section */
		234D3CD22AD78E7F000F4699 /* Frameworks */ = {
			isa = PBXFrameworksBuildPhase;
			buildActionMask = 2147483647;
			files = (
			);
			runOnlyForDeploymentPostprocessing = 0;
		};
		234D3CE82AD78E80000F4699 /* Frameworks */ = {
			isa = PBXFrameworksBuildPhase;
			buildActionMask = 2147483647;
			files = (
			);
			runOnlyForDeploymentPostprocessing = 0;
		};
		234D3CF22AD78E81000F4699 /* Frameworks */ = {
			isa = PBXFrameworksBuildPhase;
			buildActionMask = 2147483647;
			files = (
			);
			runOnlyForDeploymentPostprocessing = 0;
		};
/* End PBXFrameworksBuildPhase section */

/* Begin PBXGroup section */
		234D3CCC2AD78E7F000F4699 = {
			isa = PBXGroup;
			children = (
				234D3CD72AD78E7F000F4699 /* Project Two */,
				234D3CEE2AD78E80000F4699 /* Project TwoTests */,
				234D3CF82AD78E81000F4699 /* Project TwoUITests */,
				234D3CD62AD78E7F000F4699 /* Products */,
			);
			sourceTree = "<group>";
		};
		234D3CD62AD78E7F000F4699 /* Products */ = {
			isa = PBXGroup;
			children = (
				234D3CD52AD78E7F000F4699 /* Project Two.app */,
				234D3CEB2AD78E80000F4699 /* Project TwoTests.xctest */,
				234D3CF52AD78E81000F4699 /* Project TwoUITests.xctest */,
			);
			name = Products;
			sourceTree = "<group>";
		};
		234D3CD72AD78E7F000F4699 /* Project Two */ = {
			isa = PBXGroup;
			children = (
				234D3CD82AD78E7F000F4699 /* AppDelegate.swift */,
				234D3CDA2AD78E7F000F4699 /* SceneDelegate.swift */,
				234D3CDC2AD78E7F000F4699 /* ViewController.swift */,
				234D3CDE2AD78E7F000F4699 /* Main.storyboard */,
				234D3D0A2AD78F93000F4699 /* thirdViewController.swift */,
				234D3D082AD78F7A000F4699 /* secondViewController.swift */,
				234D3CE12AD78E80000F4699 /* Assets.xcassets */,
				234D3CE32AD78E80000F4699 /* LaunchScreen.storyboard */,
				234D3CE62AD78E80000F4699 /* Info.plist */,
			);
			path = "Project Two";
			sourceTree = "<group>";
		};
		234D3CEE2AD78E80000F4699 /* Project TwoTests */ = {
			isa = PBXGroup;
			children = (
				234D3CEF2AD78E80000F4699 /* Project_TwoTests.swift */,
			);
			path = "Project TwoTests";
			sourceTree = "<group>";
		};
		234D3CF82AD78E81000F4699 /* Project TwoUITests */ = {
			isa = PBXGroup;
			children = (
				234D3CF92AD78E81000F4699 /* Project_TwoUITests.swift */,
				234D3CFB2AD78E81000F4699 /* Project_TwoUITestsLaunchTests.swift */,
			);
			path = "Project TwoUITests";
			sourceTree = "<group>";
		};
/* End PBXGroup section */

/* Begin PBXNativeTarget section */
		234D3CD42AD78E7F000F4699 /* Project Two */ = {
			isa = PBXNativeTarget;
			buildConfigurationList = 234D3CFF2AD78E81000F4699 /* Build configuration list for PBXNativeTarget "Project Two" */;
			buildPhases = (
				234D3CD12AD78E7F000F4699 /* Sources */,
				234D3CD22AD78E7F000F4699 /* Frameworks */,
				234D3CD32AD78E7F000F4699 /* Resources */,
			);
			buildRules = (
			);
			dependencies = (
			);
			name = "Project Two";
			productName = "Project Two";
			productReference = 234D3CD52AD78E7F000F4699 /* Project Two.app */;
			productType = "com.apple.product-type.application";
		};
		234D3CEA2AD78E80000F4699 /* Project TwoTests */ = {
			isa = PBXNativeTarget;
			buildConfigurationList = 234D3D022AD78E81000F4699 /* Build configuration list for PBXNativeTarget "Project TwoTests" */;
			buildPhases = (
				234D3CE72AD78E80000F4699 /* Sources */,
				234D3CE82AD78E80000F4699 /* Frameworks */,
				234D3CE92AD78E80000F4699 /* Resources */,
			);
			buildRules = (
			);
			dependencies = (
				234D3CED2AD78E80000F4699 /* PBXTargetDependency */,
			);
			name = "Project TwoTests";
			productName = "Project TwoTests";
			productReference = 234D3CEB2AD78E80000F4699 /* Project TwoTests.xctest */;
			productType = "com.apple.product-type.bundle.unit-test";
		};
		234D3CF42AD78E81000F4699 /* Project TwoUITests */ = {
			isa = PBXNativeTarget;
			buildConfigurationList = 234D3D052AD78E81000F4699 /* Build configuration list for PBXNativeTarget "Project TwoUITests" */;
			buildPhases = (
				234D3CF12AD78E81000F4699 /* Sources */,
				234D3CF22AD78E81000F4699 /* Frameworks */,
				234D3CF32AD78E81000F4699 /* Resources */,
			);
			buildRules = (
			);
			dependencies = (
				234D3CF72AD78E81000F4699 /* PBXTargetDependency */,
			);
			name = "Project TwoUITests";
			productName = "Project TwoUITests";
			productReference = 234D3CF52AD78E81000F4699 /* Project TwoUITests.xctest */;
			productType = "com.apple.product-type.bundle.ui-testing";
		};
/* End PBXNativeTarget section */

/* Begin PBXProject section */
		234D3CCD2AD78E7F000F4699 /* Project object */ = {
			isa = PBXProject;
			attributes = {
				BuildIndependentTargetsInParallel = 1;
				LastSwiftUpdateCheck = 1430;
				LastUpgradeCheck = 1430;
				TargetAttributes = {
					234D3CD42AD78E7F000F4699 = {
						CreatedOnToolsVersion = 14.3.1;
					};
					234D3CEA2AD78E80000F4699 = {
						CreatedOnToolsVersion = 14.3.1;
						TestTargetID = 234D3CD42AD78E7F000F4699;
					};
					234D3CF42AD78E81000F4699 = {
						CreatedOnToolsVersion = 14.3.1;
						TestTargetID = 234D3CD42AD78E7F000F4699;
					};
				};
			};
			buildConfigurationList = 234D3CD02AD78E7F000F4699 /* Build configuration list for PBXProject "Project Two" */;
			compatibilityVersion = "Xcode 14.0";
			developmentRegion = en;
			hasScannedForEncodings = 0;
			knownRegions = (
				en,
				Base,
			);
			mainGroup = 234D3CCC2AD78E7F000F4699;
			productRefGroup = 234D3CD62AD78E7F000F4699 /* Products */;
			projectDirPath = "";
			projectRoot = "";
			targets = (
				234D3CD42AD78E7F000F4699 /* Project Two */,
				234D3CEA2AD78E80000F4699 /* Project TwoTests */,
				234D3CF42AD78E81000F4699 /* Project TwoUITests */,
			);
		};
/* End PBXProject section */

/* Begin PBXResourcesBuildPhase section */
		234D3CD32AD78E7F000F4699 /* Resources */ = {
			isa = PBXResourcesBuildPhase;
			buildActionMask = 2147483647;
			files = (
				234D3CE52AD78E80000F4699 /* LaunchScreen.storyboard in Resources */,
				234D3CE22AD78E80000F4699 /* Assets.xcassets in Resources */,
				234D3CE02AD78E7F000F4699 /* Main.storyboard in Resources */,
			);
			runOnlyForDeploymentPostprocessing = 0;
		};
		234D3CE92AD78E80000F4699 /* Resources */ = {
			isa = PBXResourcesBuildPhase;
			buildActionMask = 2147483647;
			files = (
			);
			runOnlyForDeploymentPostprocessing = 0;
		};
		234D3CF32AD78E81000F4699 /* Resources */ = {
			isa = PBXResourcesBuildPhase;
			buildActionMask = 2147483647;
			files = (
			);
			runOnlyForDeploymentPostprocessing = 0;
		};
/* End PBXResourcesBuildPhase section */

/* Begin PBXSourcesBuildPhase section */
		234D3CD12AD78E7F000F4699 /* Sources */ = {
			isa = PBXSourcesBuildPhase;
			buildActionMask = 2147483647;
			files = (
				234D3D092AD78F7A000F4699 /* secondViewController.swift in Sources */,
				234D3CDD2AD78E7F000F4699 /* ViewController.swift in Sources */,
				234D3D0B2AD78F93000F4699 /* thirdViewController.swift in Sources */,
				234D3CD92AD78E7F000F4699 /* AppDelegate.swift in Sources */,
				234D3CDB2AD78E7F000F4699 /* SceneDelegate.swift in Sources */,
			);
			runOnlyForDeploymentPostprocessing = 0;
		};
		234D3CE72AD78E80000F4699 /* Sources */ = {
			isa = PBXSourcesBuildPhase;
			buildActionMask = 2147483647;
			files = (
				234D3CF02AD78E80000F4699 /* Project_TwoTests.swift in Sources */,
			);
			runOnlyForDeploymentPostprocessing = 0;
		};
		234D3CF12AD78E81000F4699 /* Sources */ = {
			isa = PBXSourcesBuildPhase;
			buildActionMask = 2147483647;
			files = (
				234D3CFA2AD78E81000F4699 /* Project_TwoUITests.swift in Sources */,
				234D3CFC2AD78E81000F4699 /* Project_TwoUITestsLaunchTests.swift in Sources */,
			);
			runOnlyForDeploymentPostprocessing = 0;
		};
/* End PBXSourcesBuildPhase section */

/* Begin PBXTargetDependency section */
		234D3CED2AD78E80000F4699 /* PBXTargetDependency */ = {
			isa = PBXTargetDependency;
			target = 234D3CD42AD78E7F000F4699 /* Project Two */;
			targetProxy = 234D3CEC2AD78E80000F4699 /* PBXContainerItemProxy */;
		};
		234D3CF72AD78E81000F4699 /* PBXTargetDependency */ = {
			isa = PBXTargetDependency;
			target = 234D3CD42AD78E7F000F4699 /* Project Two */;
			targetProxy = 234D3CF62AD78E81000F4699 /* PBXContainerItemProxy */;
		};
/* End PBXTargetDependency section */

/* Begin PBXVariantGroup section */
		234D3CDE2AD78E7F000F4699 /* Main.storyboard */ = {
			isa = PBXVariantGroup;
			children = (
				234D3CDF2AD78E7F000F4699 /* Base */,
			);
			name = Main.storyboard;
			sourceTree = "<group>";
		};
		234D3CE32AD78E80000F4699 /* LaunchScreen.storyboard */ = {
			isa = PBXVariantGroup;
			children = (
				234D3CE42AD78E80000F4699 /* Base */,
			);
			name = LaunchScreen.storyboard;
			sourceTree = "<group>";
		};
/* End PBXVariantGroup section */

/* Begin XCBuildConfiguration section */
		234D3CFD2AD78E81000F4699 /* Debug */ = {
			isa = XCBuildConfiguration;
			buildSettings = {
				ALWAYS_SEARCH_USER_PATHS = NO;
				CLANG_ANALYZER_NONNULL = YES;
				CLANG_ANALYZER_NUMBER_OBJECT_CONVERSION = YES_AGGRESSIVE;
				CLANG_CXX_LANGUAGE_STANDARD = "gnu++20";
				CLANG_ENABLE_MODULES = YES;
				CLANG_ENABLE_OBJC_ARC = YES;
				CLANG_ENABLE_OBJC_WEAK = YES;
				CLANG_WARN_BLOCK_CAPTURE_AUTORELEASING = YES;
				CLANG_WARN_BOOL_CONVERSION = YES;
				CLANG_WARN_COMMA = YES;
				CLANG_WARN_CONSTANT_CONVERSION = YES;
				CLANG_WARN_DEPRECATED_OBJC_IMPLEMENTATIONS = YES;
				CLANG_WARN_DIRECT_OBJC_ISA_USAGE = YES_ERROR;
				CLANG_WARN_DOCUMENTATION_COMMENTS = YES;
				CLANG_WARN_EMPTY_BODY = YES;
				CLANG_WARN_ENUM_CONVERSION = YES;
				CLANG_WARN_INFINITE_RECURSION = YES;
				CLANG_WARN_INT_CONVERSION = YES;
				CLANG_WARN_NON_LITERAL_NULL_CONVERSION = YES;
				CLANG_WARN_OBJC_IMPLICIT_RETAIN_SELF = YES;
				CLANG_WARN_OBJC_LITERAL_CONVERSION = YES;
				CLANG_WARN_OBJC_ROOT_CLASS = YES_ERROR;
				CLANG_WARN_QUOTED_INCLUDE_IN_FRAMEWORK_HEADER = YES;
				CLANG_WARN_RANGE_LOOP_ANALYSIS = YES;
				CLANG_WARN_STRICT_PROTOTYPES = YES;
				CLANG_WARN_SUSPICIOUS_MOVE = YES;
				CLANG_WARN_UNGUARDED_AVAILABILITY = YES_AGGRESSIVE;
				CLANG_WARN_UNREACHABLE_CODE = YES;
				CLANG_WARN__DUPLICATE_METHOD_MATCH = YES;
				COPY_PHASE_STRIP = NO;
				DEBUG_INFORMATION_FORMAT = dwarf;
				ENABLE_STRICT_OBJC_MSGSEND = YES;
				ENABLE_TESTABILITY = YES;
				GCC_C_LANGUAGE_STANDARD = gnu11;
				GCC_DYNAMIC_NO_PIC = NO;
				GCC_NO_COMMON_BLOCKS = YES;
				GCC_OPTIMIZATION_LEVEL = 0;
				GCC_PREPROCESSOR_DEFINITIONS = (
					"DEBUG=1",
					"$(inherited)",
				);
				GCC_WARN_64_TO_32_BIT_CONVERSION = YES;
				GCC_WARN_ABOUT_RETURN_TYPE = YES_ERROR;
				GCC_WARN_UNDECLARED_SELECTOR = YES;
				GCC_WARN_UNINITIALIZED_AUTOS = YES_AGGRESSIVE;
				GCC_WARN_UNUSED_FUNCTION = YES;
				GCC_WARN_UNUSED_VARIABLE = YES;
				IPHONEOS_DEPLOYMENT_TARGET = 16.4;
				MTL_ENABLE_DEBUG_INFO = INCLUDE_SOURCE;
				MTL_FAST_MATH = YES;
				ONLY_ACTIVE_ARCH = YES;
				SDKROOT = iphoneos;
				SWIFT_ACTIVE_COMPILATION_CONDITIONS = DEBUG;
				SWIFT_OPTIMIZATION_LEVEL = "-Onone";
			};
			name = Debug;
		};
		234D3CFE2AD78E81000F4699 /* Release */ = {
			isa = XCBuildConfiguration;
			buildSettings = {
				ALWAYS_SEARCH_USER_PATHS = NO;
				CLANG_ANALYZER_NONNULL = YES;
				CLANG_ANALYZER_NUMBER_OBJECT_CONVERSION = YES_AGGRESSIVE;
				CLANG_CXX_LANGUAGE_STANDARD = "gnu++20";
				CLANG_ENABLE_MODULES = YES;
				CLANG_ENABLE_OBJC_ARC = YES;
				CLANG_ENABLE_OBJC_WEAK = YES;
				CLANG_WARN_BLOCK_CAPTURE_AUTORELEASING = YES;
				CLANG_WARN_BOOL_CONVERSION = YES;
				CLANG_WARN_COMMA = YES;
				CLANG_WARN_CONSTANT_CONVERSION = YES;
				CLANG_WARN_DEPRECATED_OBJC_IMPLEMENTATIONS = YES;
				CLANG_WARN_DIRECT_OBJC_ISA_USAGE = YES_ERROR;
				CLANG_WARN_DOCUMENTATION_COMMENTS = YES;
				CLANG_WARN_EMPTY_BODY = YES;
				CLANG_WARN_ENUM_CONVERSION = YES;
				CLANG_WARN_INFINITE_RECURSION = YES;
				CLANG_WARN_INT_CONVERSION = YES;
				CLANG_WARN_NON_LITERAL_NULL_CONVERSION = YES;
				CLANG_WARN_OBJC_IMPLICIT_RETAIN_SELF = YES;
				CLANG_WARN_OBJC_LITERAL_CONVERSION = YES;
				CLANG_WARN_OBJC_ROOT_CLASS = YES_ERROR;
				CLANG_WARN_QUOTED_INCLUDE_IN_FRAMEWORK_HEADER = YES;
				CLANG_WARN_RANGE_LOOP_ANALYSIS = YES;
				CLANG_WARN_STRICT_PROTOTYPES = YES;
				CLANG_WARN_SUSPICIOUS_MOVE = YES;
				CLANG_WARN_UNGUARDED_AVAILABILITY = YES_AGGRESSIVE;
				CLANG_WARN_UNREACHABLE_CODE = YES;
				CLANG_WARN__DUPLICATE_METHOD_MATCH = YES;
				COPY_PHASE_STRIP = NO;
				DEBUG_INFORMATION_FORMAT = "dwarf-with-dsym";
				ENABLE_NS_ASSERTIONS = NO;
				ENABLE_STRICT_OBJC_MSGSEND = YES;
				GCC_C_LANGUAGE_STANDARD = gnu11;
				GCC_NO_COMMON_BLOCKS = YES;
				GCC_WARN_64_TO_32_BIT_CONVERSION = YES;
				GCC_WARN_ABOUT_RETURN_TYPE = YES_ERROR;
				GCC_WARN_UNDECLARED_SELECTOR = YES;
				GCC_WARN_UNINITIALIZED_AUTOS = YES_AGGRESSIVE;
				GCC_WARN_UNUSED_FUNCTION = YES;
				GCC_WARN_UNUSED_VARIABLE = YES;
				IPHONEOS_DEPLOYMENT_TARGET = 16.4;
				MTL_ENABLE_DEBUG_INFO = NO;
				MTL_FAST_MATH = YES;
				SDKROOT = iphoneos;
				SWIFT_COMPILATION_MODE = wholemodule;
				SWIFT_OPTIMIZATION_LEVEL = "-O";
				VALIDATE_PRODUCT = YES;
			};
			name = Release;
		};
		234D3D002AD78E81000F4699 /* Debug */ = {
			isa = XCBuildConfiguration;
			buildSettings = {
				ASSETCATALOG_COMPILER_APPICON_NAME = AppIcon;
				ASSETCATALOG_COMPILER_GLOBAL_ACCENT_COLOR_NAME = AccentColor;
				CODE_SIGN_STYLE = Automatic;
				CURRENT_PROJECT_VERSION = 1;
				DEVELOPMENT_TEAM = SS493YKAUL;
				GENERATE_INFOPLIST_FILE = YES;
				INFOPLIST_FILE = "Project Two/Info.plist";
				INFOPLIST_KEY_UIApplicationSupportsIndirectInputEvents = YES;
				INFOPLIST_KEY_UILaunchStoryboardName = LaunchScreen;
				INFOPLIST_KEY_UIMainStoryboardFile = Main;
				INFOPLIST_KEY_UISupportedInterfaceOrientations_iPad = "UIInterfaceOrientationPortrait UIInterfaceOrientationPortraitUpsideDown UIInterfaceOrientationLandscapeLeft UIInterfaceOrientationLandscapeRight";
				INFOPLIST_KEY_UISupportedInterfaceOrientations_iPhone = "UIInterfaceOrientationPortrait UIInterfaceOrientationLandscapeLeft UIInterfaceOrientationLandscapeRight";
				LD_RUNPATH_SEARCH_PATHS = (
					"$(inherited)",
					"@executable_path/Frameworks",
				);
				MARKETING_VERSION = 1.0;
				PRODUCT_BUNDLE_IDENTIFIER = "UHWO.Project-Two";
				PRODUCT_NAME = "$(TARGET_NAME)";
				SWIFT_EMIT_LOC_STRINGS = YES;
				SWIFT_VERSION = 5.0;
				TARGETED_DEVICE_FAMILY = "1,2";
			};
			name = Debug;
		};
		234D3D012AD78E81000F4699 /* Release */ = {
			isa = XCBuildConfiguration;
			buildSettings = {
				ASSETCATALOG_COMPILER_APPICON_NAME = AppIcon;
				ASSETCATALOG_COMPILER_GLOBAL_ACCENT_COLOR_NAME = AccentColor;
				CODE_SIGN_STYLE = Automatic;
				CURRENT_PROJECT_VERSION = 1;
				DEVELOPMENT_TEAM = SS493YKAUL;
				GENERATE_INFOPLIST_FILE = YES;
				INFOPLIST_FILE = "Project Two/Info.plist";
				INFOPLIST_KEY_UIApplicationSupportsIndirectInputEvents = YES;
				INFOPLIST_KEY_UILaunchStoryboardName = LaunchScreen;
				INFOPLIST_KEY_UIMainStoryboardFile = Main;
				INFOPLIST_KEY_UISupportedInterfaceOrientations_iPad = "UIInterfaceOrientationPortrait UIInterfaceOrientationPortraitUpsideDown UIInterfaceOrientationLandscapeLeft UIInterfaceOrientationLandscapeRight";
				INFOPLIST_KEY_UISupportedInterfaceOrientations_iPhone = "UIInterfaceOrientationPortrait UIInterfaceOrientationLandscapeLeft UIInterfaceOrientationLandscapeRight";
				LD_RUNPATH_SEARCH_PATHS = (
					"$(inherited)",
					"@executable_path/Frameworks",
				);
				MARKETING_VERSION = 1.0;
				PRODUCT_BUNDLE_IDENTIFIER = "UHWO.Project-Two";
				PRODUCT_NAME = "$(TARGET_NAME)";
				SWIFT_EMIT_LOC_STRINGS = YES;
				SWIFT_VERSION = 5.0;
				TARGETED_DEVICE_FAMILY = "1,2";
			};
			name = Release;
		};
		234D3D032AD78E81000F4699 /* Debug */ = {
			isa = XCBuildConfiguration;
			buildSettings = {
				ALWAYS_EMBED_SWIFT_STANDARD_LIBRARIES = YES;
				BUNDLE_LOADER = "$(TEST_HOST)";
				CODE_SIGN_STYLE = Automatic;
				CURRENT_PROJECT_VERSION = 1;
				DEVELOPMENT_TEAM = SS493YKAUL;
				GENERATE_INFOPLIST_FILE = YES;
				IPHONEOS_DEPLOYMENT_TARGET = 16.4;
				MARKETING_VERSION = 1.0;
				PRODUCT_BUNDLE_IDENTIFIER = "UHWO.Project-TwoTests";
				PRODUCT_NAME = "$(TARGET_NAME)";
				SWIFT_EMIT_LOC_STRINGS = NO;
				SWIFT_VERSION = 5.0;
				TARGETED_DEVICE_FAMILY = "1,2";
				TEST_HOST = "$(BUILT_PRODUCTS_DIR)/Project Two.app/$(BUNDLE_EXECUTABLE_FOLDER_PATH)/Project Two";
			};
			name = Debug;
		};
		234D3D042AD78E81000F4699 /* Release */ = {
			isa = XCBuildConfiguration;
			buildSettings = {
				ALWAYS_EMBED_SWIFT_STANDARD_LIBRARIES = YES;
				BUNDLE_LOADER = "$(TEST_HOST)";
				CODE_SIGN_STYLE = Automatic;
				CURRENT_PROJECT_VERSION = 1;
				DEVELOPMENT_TEAM = SS493YKAUL;
				GENERATE_INFOPLIST_FILE = YES;
				IPHONEOS_DEPLOYMENT_TARGET = 16.4;
				MARKETING_VERSION = 1.0;
				PRODUCT_BUNDLE_IDENTIFIER = "UHWO.Project-TwoTests";
				PRODUCT_NAME = "$(TARGET_NAME)";
				SWIFT_EMIT_LOC_STRINGS = NO;
				SWIFT_VERSION = 5.0;
				TARGETED_DEVICE_FAMILY = "1,2";
				TEST_HOST = "$(BUILT_PRODUCTS_DIR)/Project Two.app/$(BUNDLE_EXECUTABLE_FOLDER_PATH)/Project Two";
			};
			name = Release;
		};
		234D3D062AD78E81000F4699 /* Debug */ = {
			isa = XCBuildConfiguration;
			buildSettings = {
				ALWAYS_EMBED_SWIFT_STANDARD_LIBRARIES = YES;
				CODE_SIGN_STYLE = Automatic;
				CURRENT_PROJECT_VERSION = 1;
				DEVELOPMENT_TEAM = SS493YKAUL;
				GENERATE_INFOPLIST_FILE = YES;
				MARKETING_VERSION = 1.0;
				PRODUCT_BUNDLE_IDENTIFIER = "UHWO.Project-TwoUITests";
				PRODUCT_NAME = "$(TARGET_NAME)";
				SWIFT_EMIT_LOC_STRINGS = NO;
				SWIFT_VERSION = 5.0;
				TARGETED_DEVICE_FAMILY = "1,2";
				TEST_TARGET_NAME = "Project Two";
			};
			name = Debug;
		};
		234D3D072AD78E81000F4699 /* Release */ = {
			isa = XCBuildConfiguration;
			buildSettings = {
				ALWAYS_EMBED_SWIFT_STANDARD_LIBRARIES = YES;
				CODE_SIGN_STYLE = Automatic;
				CURRENT_PROJECT_VERSION = 1;
				DEVELOPMENT_TEAM = SS493YKAUL;
				GENERATE_INFOPLIST_FILE = YES;
				MARKETING_VERSION = 1.0;
				PRODUCT_BUNDLE_IDENTIFIER = "UHWO.Project-TwoUITests";
				PRODUCT_NAME = "$(TARGET_NAME)";
				SWIFT_EMIT_LOC_STRINGS = NO;
				SWIFT_VERSION = 5.0;
				TARGETED_DEVICE_FAMILY = "1,2";
				TEST_TARGET_NAME = "Project Two";
			};
			name = Release;
		};
/* End XCBuildConfiguration section */

/* Begin XCConfigurationList section */
		234D3CD02AD78E7F000F4699 /* Build configuration list for PBXProject "Project Two" */ = {
			isa = XCConfigurationList;
			buildConfigurations = (
				234D3CFD2AD78E81000F4699 /* Debug */,
				234D3CFE2AD78E81000F4699 /* Release */,
			);
			defaultConfigurationIsVisible = 0;
			defaultConfigurationName = Release;
		};
		234D3CFF2AD78E81000F4699 /* Build configuration list for PBXNativeTarget "Project Two" */ = {
			isa = XCConfigurationList;
			buildConfigurations = (
				234D3D002AD78E81000F4699 /* Debug */,
				234D3D012AD78E81000F4699 /* Release */,
			);
			defaultConfigurationIsVisible = 0;
			defaultConfigurationName = Release;
		};
		234D3D022AD78E81000F4699 /* Build configuration list for PBXNativeTarget "Project TwoTests" */ = {
			isa = XCConfigurationList;
			buildConfigurations = (
				234D3D032AD78E81000F4699 /* Debug */,
				234D3D042AD78E81000F4699 /* Release */,
			);
			defaultConfigurationIsVisible = 0;
			defaultConfigurationName = Release;
		};
		234D3D052AD78E81000F4699 /* Build configuration list for PBXNativeTarget "Project TwoUITests" */ = {
			isa = XCConfigurationList;
			buildConfigurations = (
				234D3D062AD78E81000F4699 /* Debug */,
				234D3D072AD78E81000F4699 /* Release */,
			);
			defaultConfigurationIsVisible = 0;
			defaultConfigurationName = Release;
		};
/* End XCConfigurationList section */
	};
	rootObject = 234D3CCD2AD78E7F000F4699 /* Project object */;
}
